// !$*UTF8*$!
{
	archiveVersion = 1;
	classes = {
	};
	objectVersion = 46;
	objects = {

/* Begin PBXBuildFile section */
		2436DC6A1E24B20D00B70373 /* main.m in Sources */ = {isa = PBXBuildFile; fileRef = 2436DC691E24B20D00B70373 /* main.m */; };
		2436DC6D1E24B20D00B70373 /* AppDelegate.m in Sources */ = {isa = PBXBuildFile; fileRef = 2436DC6C1E24B20D00B70373 /* AppDelegate.m */; };
		2436DC701E24B20D00B70373 /* ViewController.m in Sources */ = {isa = PBXBuildFile; fileRef = 2436DC6F1E24B20D00B70373 /* ViewController.m */; };
		2436DC731E24B20D00B70373 /* Main.storyboard in Resources */ = {isa = PBXBuildFile; fileRef = 2436DC711E24B20D00B70373 /* Main.storyboard */; };
		2436DC751E24B20D00B70373 /* Assets.xcassets in Resources */ = {isa = PBXBuildFile; fileRef = 2436DC741E24B20D00B70373 /* Assets.xcassets */; };
		2436DC781E24B20D00B70373 /* LaunchScreen.storyboard in Resources */ = {isa = PBXBuildFile; fileRef = 2436DC761E24B20D00B70373 /* LaunchScreen.storyboard */; };
/* End PBXBuildFile section */

/* Begin PBXFileReference section */
		2436DC651E24B20D00B70373 /* test99.app */ = {isa = PBXFileReference; explicitFileType = wrapper.application; includeInIndex = 0; path = test99.app; sourceTree = BUILT_PRODUCTS_DIR; };
		2436DC691E24B20D00B70373 /* main.m */ = {isa = PBXFileReference; lastKnownFileType = sourcecode.c.objc; path = main.m; sourceTree = "<group>"; };
		2436DC6B1E24B20D00B70373 /* AppDelegate.h */ = {isa = PBXFileReference; lastKnownFileType = sourcecode.c.h; path = AppDelegate.h; sourceTree = "<group>"; };
		2436DC6C1E24B20D00B70373 /* AppDelegate.m */ = {isa = PBXFileReference; lastKnownFileType = sourcecode.c.objc; path = AppDelegate.m; sourceTree = "<group>"; };
		2436DC6E1E24B20D00B70373 /* ViewController.h */ = {isa = PBXFileReference; lastKnownFileType = sourcecode.c.h; path = ViewController.h; sourceTree = "<group>"; };
		2436DC6F1E24B20D00B70373 /* ViewController.m */ = {isa = PBXFileReference; lastKnownFileType = sourcecode.c.objc; path = ViewController.m; sourceTree = "<group>"; };
		2436DC721E24B20D00B70373 /* Base */ = {isa = PBXFileReference; lastKnownFileType = file.storyboard; name = Base; path = Base.lproj/Main.storyboard; sourceTree = "<group>"; };
		2436DC741E24B20D00B70373 /* Assets.xcassets */ = {isa = PBXFileReference; lastKnownFileType = folder.assetcatalog; path = Assets.xcassets; sourceTree = "<group>"; };
		2436DC771E24B20D00B70373 /* Base */ = {isa = PBXFileReference; lastKnownFileType = file.storyboard; name = Base; path = Base.lproj/LaunchScreen.storyboard; sourceTree = "<group>"; };
		2436DC791E24B20D00B70373 /* Info.plist */ = {isa = PBXFileReference; lastKnownFileType = text.plist.xml; path = Info.plist; sourceTree = "<group>"; };
/* End PBXFileReference section */

/* Begin PBXFrameworksBuildPhase section */
		2436DC621E24B20C00B70373 /* Frameworks */ = {
			isa = PBXFrameworksBuildPhase;
			buildActionMask = 2147483647;
			files = (
			);
			runOnlyForDeploymentPostprocessing = 0;
		};
/* End PBXFrameworksBuildPhase section */

/* Begin PBXGroup section */
		2436DC5C1E24B20C00B70373 = {
			isa = PBXGroup;
			children = (
				2436DC671E24B20D00B70373 /* test99 */,
				2436DC661E24B20D00B70373 /* Products */,
			);
			sourceTree = "<group>";
		};
		2436DC661E24B20D00B70373 /* Products */ = {
			isa = PBXGroup;
			children = (
				2436DC651E24B20D00B70373 /* test99.app */,
			);
			name = Products;
			sourceTree = "<group>";
		};
		2436DC671E24B20D00B70373 /* test99 */ = {
			isa = PBXGroup;
			children = (
				2436DC6B1E24B20D00B70373 /* AppDelegate.h */,
				2436DC6C1E24B20D00B70373 /* AppDelegate.m */,
				2436DC6E1E24B20D00B70373 /* ViewController.h */,
				2436DC6F1E24B20D00B70373 /* ViewController.m */,
				2436DC711E24B20D00B70373 /* Main.storyboard */,
				2436DC741E24B20D00B70373 /* Assets.xcassets */,
				2436DC761E24B20D00B70373 /* LaunchScreen.storyboard */,
				2436DC791E24B20D00B70373 /* Info.plist */,
				2436DC681E24B20D00B70373 /* Supporting Files */,
			);
			path = test99;
			sourceTree = "<group>";
		};
		2436DC681E24B20D00B70373 /* Supporting Files */ = {
			isa = PBXGroup;
			children = (
				2436DC691E24B20D00B70373 /* main.m */,
			);
			name = "Supporting Files";
			sourceTree = "<group>";
		};
/* End PBXGroup section */

/* Begin PBXNativeTarget section */
		2436DC641E24B20C00B70373 /* test99 */ = {
			isa = PBXNativeTarget;
			buildConfigurationList = 2436DC7C1E24B20D00B70373 /* Build configuration list for PBXNativeTarget "test99" */;
			buildPhases = (
				2436DC611E24B20C00B70373 /* Sources */,
				2436DC621E24B20C00B70373 /* Frameworks */,
				2436DC631E24B20C00B70373 /* Resources */,
			);
			buildRules = (
			);
			dependencies = (
			);
			name = test99;
			productName = test99;
			productReference = 2436DC651E24B20D00B70373 /* test99.app */;
			productType = "com.apple.product-type.application";
		};
/* End PBXNativeTarget section */

/* Begin PBXProject section */
		2436DC5D1E24B20C00B70373 /* Project object */ = {
			isa = PBXProject;
			attributes = {
				LastUpgradeCheck = 0820;
				ORGANIZATIONNAME = "张伶俐";
				TargetAttributes = {
					2436DC641E24B20C00B70373 = {
						CreatedOnToolsVersion = 8.2;
						ProvisioningStyle = Automatic;
					};
				};
			};
			buildConfigurationList = 2436DC601E24B20C00B70373 /* Build configuration list for PBXProject "test99" */;
			compatibilityVersion = "Xcode 3.2";
			developmentRegion = English;
			hasScannedForEncodings = 0;
			knownRegions = (
				en,
				Base,
			);
			mainGroup = 2436DC5C1E24B20C00B70373;
			productRefGroup = 2436DC661E24B20D00B70373 /* Products */;
			projectDirPath = "";
			projectRoot = "";
			targets = (
				2436DC641E24B20C00B70373 /* test99 */,
			);
		};
/* End PBXProject section */

/* Begin PBXResourcesBuildPhase section */
		2436DC631E24B20C00B70373 /* Resources */ = {
			isa = PBXResourcesBuildPhase;
			buildActionMask = 2147483647;
			files = (
				2436DC781E24B20D00B70373 /* LaunchScreen.storyboard in Resources */,
				2436DC751E24B20D00B70373 /* Assets.xcassets in Resources */,
				2436DC731E24B20D00B70373 /* Main.storyboard in Resources */,
			);
			runOnlyForDeploymentPostprocessing = 0;
		};
/* End PBXResourcesBuildPhase section */

/* Begin PBXSourcesBuildPhase section */
		2436DC611E24B20C00B70373 /* Sources */ = {
			isa = PBXSourcesBuildPhase;
			buildActionMask = 2147483647;
			files = (
				2436DC701E24B20D00B70373 /* ViewController.m in Sources */,
				2436DC6D1E24B20D00B70373 /* AppDelegate.m in Sources */,
				2436DC6A1E24B20D00B70373 /* main.m in Sources */,
			);
			runOnlyForDeploymentPostprocessing = 0;
		};
/* End PBXSourcesBuildPhase section */

/* Begin PBXVariantGroup section */
		2436DC711E24B20D00B70373 /* Main.storyboard */ = {
			isa = PBXVariantGroup;
			children = (
				2436DC721E24B20D00B70373 /* Base */,
			);
			name = Main.storyboard;
			sourceTree = "<group>";
		};
		2436DC761E24B20D00B70373 /* LaunchScreen.storyboard */ = {
			isa = PBXVariantGroup;
			children = (
				2436DC771E24B20D00B70373 /* Base */,
			);
			name = LaunchScreen.storyboard;
			sourceTree = "<group>";
		};
/* End PBXVariantGroup section */

/* Begin XCBuildConfiguration section */
		2436DC7A1E24B20D00B70373 /* Debug */ = {
			isa = XCBuildConfiguration;
			buildSettings = {
				ALWAYS_SEARCH_USER_PATHS = NO;
				CLANG_ANALYZER_NONNULL = YES;
				CLANG_CXX_LANGUAGE_STANDARD = "gnu++0x";
				CLANG_CXX_LIBRARY = "libc++";
				CLANG_ENABLE_MODULES = YES;
				CLANG_ENABLE_OBJC_ARC = YES;
				CLANG_WARN_BOOL_CONVERSION = YES;
				CLANG_WARN_CONSTANT_CONVERSION = YES;
				CLANG_WARN_DIRECT_OBJC_ISA_USAGE = YES_ERROR;
				CLANG_WARN_DOCUMENTATION_COMMENTS = YES;
				CLANG_WARN_EMPTY_BODY = YES;
				CLANG_WARN_ENUM_CONVERSION = YES;
				CLANG_WARN_INFINITE_RECURSION = YES;
				CLANG_WARN_INT_CONVERSION = YES;
				CLANG_WARN_OBJC_ROOT_CLASS = YES_ERROR;
				CLANG_WARN_SUSPICIOUS_MOVE = YES;
				CLANG_WARN_UNREACHABLE_CODE = YES;
				CLANG_WARN__DUPLICATE_METHOD_MATCH = YES;
				"CODE_SIGN_IDENTITY[sdk=iphoneos*]" = "iPhone Developer";
				COPY_PHASE_STRIP = NO;
				DEBUG_INFORMATION_FORMAT = dwarf;
				ENABLE_STRICT_OBJC_MSGSEND = YES;
				ENABLE_TESTABILITY = YES;
				GCC_C_LANGUAGE_STANDARD = gnu99;
				GCC_DYNAMIC_NO_PIC = NO;
				GCC_NO_COMMON_BLOCKS = YES;
				GCC_OPTIMIZATION_LEVEL = 0;
				GCC_PREPROCESSOR_DEFINITIONS = (
					"DEBUG=1",
					"$(inherited)",
				);
				GCC_WARN_64_TO_32_BIT_CONVERSION = YES;
				GCC_WARN_ABOUT_RETURN_TYPE = YES_ERROR;
				GCC_WARN_UNDECLARED_SELECTOR = YES;
				GCC_WARN_UNINITIALIZED_AUTOS = YES_AGGRESSIVE;
				GCC_WARN_UNUSED_FUNCTION = YES;
				GCC_WARN_UNUSED_VARIABLE = YES;
				IPHONEOS_DEPLOYMENT_TARGET = 10.2;
				MTL_ENABLE_DEBUG_INFO = YES;
				ONLY_ACTIVE_ARCH = YES;
				SDKROOT = iphoneos;
				TARGETED_DEVICE_FAMILY = "1,2";
			};
			name = Debug;
		};
		2436DC7B1E24B20D00B70373 /* Release */ = {
			isa = XCBuildConfiguration;
			buildSettings = {
				ALWAYS_SEARCH_USER_PATHS = NO;
				CLANG_ANALYZER_NONNULL = YES;
				CLANG_CXX_LANGUAGE_STANDARD = "gnu++0x";
				CLANG_CXX_LIBRARY = "libc++";
				CLANG_ENABLE_MODULES = YES;
				CLANG_ENABLE_OBJC_ARC = YES;
				CLANG_WARN_BOOL_CONVERSION = YES;
				CLANG_WARN_CONSTANT_CONVERSION = YES;
				CLANG_WARN_DIRECT_OBJC_ISA_USAGE = YES_ERROR;
				CLANG_WARN_DOCUMENTATION_COMMENTS = YES;
				CLANG_WARN_EMPTY_BODY = YES;
				CLANG_WARN_ENUM_CONVERSION = YES;
				CLANG_WARN_INFINITE_RECURSION = YES;
				CLANG_WARN_INT_CONVERSION = YES;
				CLANG_WARN_OBJC_ROOT_CLASS = YES_ERROR;
				CLANG_WARN_SUSPICIOUS_MOVE = YES;
				CLANG_WARN_UNREACHABLE_CODE = YES;
				CLANG_WARN__DUPLICATE_METHOD_MATCH = YES;
				"CODE_SIGN_IDENTITY[sdk=iphoneos*]" = "iPhone Developer";
				COPY_PHASE_STRIP = NO;
				DEBUG_INFORMATION_FORMAT = "dwarf-with-dsym";
				ENABLE_NS_ASSERTIONS = NO;
				ENABLE_STRICT_OBJC_MSGSEND = YES;
				GCC_C_LANGUAGE_STANDARD = gnu99;
				GCC_NO_COMMON_BLOCKS = YES;
				GCC_WARN_64_TO_32_BIT_CONVERSION = YES;
				GCC_WARN_ABOUT_RETURN_TYPE = YES_ERROR;
				GCC_WARN_UNDECLARED_SELECTOR = YES;
				GCC_WARN_UNINITIALIZED_AUTOS = YES_AGGRESSIVE;
				GCC_WARN_UNUSED_FUNCTION = YES;
				GCC_WARN_UNUSED_VARIABLE = YES;
				IPHONEOS_DEPLOYMENT_TARGET = 10.2;
				MTL_ENABLE_DEBUG_INFO = NO;
				SDKROOT = iphoneos;
				TARGETED_DEVICE_FAMILY = "1,2";
				VALIDATE_PRODUCT = YES;
			};
			name = Release;
		};
		2436DC7D1E24B20D00B70373 /* Debug */ = {
			isa = XCBuildConfiguration;
			buildSettings = {
				ASSETCATALOG_COMPILER_APPICON_NAME = AppIcon;
				INFOPLIST_FILE = test99/Info.plist;
				LD_RUNPATH_SEARCH_PATHS = "$(inherited) @executable_path/Frameworks";
				PRODUCT_BUNDLE_IDENTIFIER = Lingli.test99;
				PRODUCT_NAME = "$(TARGET_NAME)";
			};
			name = Debug;
		};
		2436DC7E1E24B20D00B70373 /* Release */ = {
			isa = XCBuildConfiguration;
			buildSettings = {
				ASSETCATALOG_COMPILER_APPICON_NAME = AppIcon;
				INFOPLIST_FILE = test99/Info.plist;
				LD_RUNPATH_SEARCH_PATHS = "$(inherited) @executable_path/Frameworks";
				PRODUCT_BUNDLE_IDENTIFIER = Lingli.test99;
				PRODUCT_NAME = "$(TARGET_NAME)";
			};
			name = Release;
		};
/* End XCBuildConfiguration section */

/* Begin XCConfigurationList section */
		2436DC601E24B20C00B70373 /* Build configuration list for PBXProject "test99" */ = {
			isa = XCConfigurationList;
			buildConfigurations = (
				2436DC7A1E24B20D00B70373 /* Debug */,
				2436DC7B1E24B20D00B70373 /* Release */,
			);
			defaultConfigurationIsVisible = 0;
			defaultConfigurationName = Release;
		};
		2436DC7C1E24B20D00B70373 /* Build configuration list for PBXNativeTarget "test99" */ = {
			isa = XCConfigurationList;
			buildConfigurations = (
				2436DC7D1E24B20D00B70373 /* Debug */,
				2436DC7E1E24B20D00B70373 /* Release */,
			);
			defaultConfigurationIsVisible = 0;
		};
/* End XCConfigurationList section */
	};
	rootObject = 2436DC5D1E24B20C00B70373 /* Project object */;
}
